
Microsoft Visual Studio Solution File, Format Version 12.00
# Visual Studio Version 16
VisualStudioVersion = 16.0.30330.147
MinimumVisualStudioVersion = 10.0.40219.1
Project("{FAE04EC0-301F-11D3-BF4B-00C04F79EFBC}") = "RandomString4NetTester", "RandomString4NetTester\RandomString4NetTester.csproj", "{0AF6F74C-E5B1-4E6A-8609-42208938ABD3}"
EndProject
Project("{FAE04EC0-301F-11D3-BF4B-00C04F79EFBC}") = "RandomString4Net", "RandomString4Net\RandomString4Net.csproj", "{9015C101-41CA-4327-934A-7669570AC9A0}"
EndProject
Project("{FAE04EC0-301F-11D3-BF4B-00C04F79EFBC}") = "RandomString4NetTest", "RandomString4NetTest\RandomString4NetTest.csproj", "{12C4F675-E7CE-4B15-889A-EC269AA8E4B3}"
EndProject
Global
	GlobalSection(SolutionConfigurationPlatforms) = preSolution
		Debug|Any CPU = Debug|Any CPU
		Release|Any CPU = Release|Any CPU
	EndGlobalSection
	GlobalSection(ProjectConfigurationPlatforms) = postSolution
		{0AF6F74C-E5B1-4E6A-8609-42208938ABD3}.Debug|Any CPU.ActiveCfg = Debug|Any CPU
		{0AF6F74C-E5B1-4E6A-8609-42208938ABD3}.Debug|Any CPU.Build.0 = Debug|Any CPU
		{0AF6F74C-E5B1-4E6A-8609-42208938ABD3}.Release|Any CPU.ActiveCfg = Release|Any CPU
		{0AF6F74C-E5B1-4E6A-8609-42208938ABD3}.Release|Any CPU.Build.0 = Release|Any CPU
		{9015C101-41CA-4327-934A-7669570AC9A0}.Debug|Any CPU.ActiveCfg = Debug|Any CPU
		{9015C101-41CA-4327-934A-7669570AC9A0}.Debug|Any CPU.Build.0 = Debug|Any CPU
		{9015C101-41CA-4327-934A-7669570AC9A0}.Release|Any CPU.ActiveCfg = Release|Any CPU
		{9015C101-41CA-4327-934A-7669570AC9A0}.Release|Any CPU.Build.0 = Release|Any CPU
		{12C4F675-E7CE-4B15-889A-EC269AA8E4B3}.Debug|Any CPU.ActiveCfg = Debug|Any CPU
		{12C4F675-E7CE-4B15-889A-EC269AA8E4B3}.Debug|Any CPU.Build.0 = Debug|Any CPU
		{12C4F675-E7CE-4B15-889A-EC269AA8E4B3}.Release|Any CPU.ActiveCfg = Release|Any CPU
		{12C4F675-E7CE-4B15-889A-EC269AA8E4B3}.Release|Any CPU.Build.0 = Release|Any CPU
	EndGlobalSection
	GlobalSection(SolutionProperties) = preSolution
		HideSolutionNode = FALSE
	EndGlobalSection
	GlobalSection(ExtensibilityGlobals) = postSolution
		SolutionGuid = {AE39D563-4226-411D-B7C4-9B317BE012C1}
	EndGlobalSection
EndGlobal
