
Microsoft Visual Studio Solution File, Format Version 12.00
# Visual Studio Version 17
VisualStudioVersion = 17.7.34221.43
MinimumVisualStudioVersion = 10.0.40219.1
Project("{FAE04EC0-301F-11D3-BF4B-00C04F79EFBC}") = "RandomString4NetTester", "RandomString4NetTester\RandomString4NetTester.csproj", "{0AF6F74C-E5B1-4E6A-8609-42208938ABD3}"
EndProject
Project("{FAE04EC0-301F-11D3-BF4B-00C04F79EFBC}") = "RandomString4NetTest", "RandomString4NetTest\RandomString4NetTest.csproj", "{12C4F675-E7CE-4B15-889A-EC269AA8E4B3}"
EndProject
Project("{9A19103F-16F7-4668-BE54-9A1E7A4F7556}") = "RandomString4Net", "RandomString4Net\RandomString4Net.csproj", "{F0A77092-0C76-4151-843C-CD1BD33174B0}"
EndProject
Project("{2150E333-8FDC-42A3-9474-1A3956D46DE8}") = "Solution Items", "Solution Items", "{FA42BC52-B3AE-465A-BCCF-EDA5F1FF8804}"
EndProject
Project("{FAE04EC0-301F-11D3-BF4B-00C04F79EFBC}") = "RandomString4NetTesterDotNet", "RandomString4NetTesterDotNet\RandomString4NetTesterDotNet.csproj", "{3F3FA738-BED0-4183-B9B0-32B872B65273}"
EndProject
Global
	GlobalSection(SolutionConfigurationPlatforms) = preSolution
		Debug|Any CPU = Debug|Any CPU
		Release|Any CPU = Release|Any CPU
	EndGlobalSection
	GlobalSection(ProjectConfigurationPlatforms) = postSolution
		{0AF6F74C-E5B1-4E6A-8609-42208938ABD3}.Debug|Any CPU.ActiveCfg = Debug|Any CPU
		{0AF6F74C-E5B1-4E6A-8609-42208938ABD3}.Debug|Any CPU.Build.0 = Debug|Any CPU
		{0AF6F74C-E5B1-4E6A-8609-42208938ABD3}.Release|Any CPU.ActiveCfg = Release|Any CPU
		{0AF6F74C-E5B1-4E6A-8609-42208938ABD3}.Release|Any CPU.Build.0 = Release|Any CPU
		{12C4F675-E7CE-4B15-889A-EC269AA8E4B3}.Debug|Any CPU.ActiveCfg = Debug|Any CPU
		{12C4F675-E7CE-4B15-889A-EC269AA8E4B3}.Debug|Any CPU.Build.0 = Debug|Any CPU
		{12C4F675-E7CE-4B15-889A-EC269AA8E4B3}.Release|Any CPU.ActiveCfg = Release|Any CPU
		{12C4F675-E7CE-4B15-889A-EC269AA8E4B3}.Release|Any CPU.Build.0 = Release|Any CPU
		{F0A77092-0C76-4151-843C-CD1BD33174B0}.Debug|Any CPU.ActiveCfg = Debug|Any CPU
		{F0A77092-0C76-4151-843C-CD1BD33174B0}.Debug|Any CPU.Build.0 = Debug|Any CPU
		{F0A77092-0C76-4151-843C-CD1BD33174B0}.Release|Any CPU.ActiveCfg = Release|Any CPU
		{F0A77092-0C76-4151-843C-CD1BD33174B0}.Release|Any CPU.Build.0 = Release|Any CPU
		{3F3FA738-BED0-4183-B9B0-32B872B65273}.Debug|Any CPU.ActiveCfg = Debug|Any CPU
		{3F3FA738-BED0-4183-B9B0-32B872B65273}.Debug|Any CPU.Build.0 = Debug|Any CPU
		{3F3FA738-BED0-4183-B9B0-32B872B65273}.Release|Any CPU.ActiveCfg = Release|Any CPU
		{3F3FA738-BED0-4183-B9B0-32B872B65273}.Release|Any CPU.Build.0 = Release|Any CPU
	EndGlobalSection
	GlobalSection(SolutionProperties) = preSolution
		HideSolutionNode = FALSE
	EndGlobalSection
	GlobalSection(ExtensibilityGlobals) = postSolution
		SolutionGuid = {AE39D563-4226-411D-B7C4-9B317BE012C1}
	EndGlobalSection
EndGlobal
